
Microsoft Visual Studio Solution File, Format Version 12.00
# Visual Studio Version 16
VisualStudioVersion = 16.0.31729.503
MinimumVisualStudioVersion = 10.0.40219.1
Project("{F2A71F9B-5D33-465A-A702-920D77279786}") = "pbt-exercise", "pbt-exercise\pbt-exercise.fsproj", "{29C61725-031E-47EE-A175-C42F5B733ABC}"
EndProject
Global
	GlobalSection(SolutionConfigurationPlatforms) = preSolution
		Debug|Any CPU = Debug|Any CPU
		Release|Any CPU = Release|Any CPU
	EndGlobalSection
	GlobalSection(ProjectConfigurationPlatforms) = postSolution
		{29C61725-031E-47EE-A175-C42F5B733ABC}.Debug|Any CPU.ActiveCfg = Debug|Any CPU
		{29C61725-031E-47EE-A175-C42F5B733ABC}.Debug|Any CPU.Build.0 = Debug|Any CPU
		{29C61725-031E-47EE-A175-C42F5B733ABC}.Release|Any CPU.ActiveCfg = Release|Any CPU
		{29C61725-031E-47EE-A175-C42F5B733ABC}.Release|Any CPU.Build.0 = Release|Any CPU
	EndGlobalSection
	GlobalSection(SolutionProperties) = preSolution
		HideSolutionNode = FALSE
	EndGlobalSection
	GlobalSection(ExtensibilityGlobals) = postSolution
		SolutionGuid = {DDAB8FC2-0D79-4961-80C5-11787075556C}
	EndGlobalSection
EndGlobal
